
Microsoft Visual Studio Solution File, Format Version 12.00
# Visual Studio 15
VisualStudioVersion = 15.0.27004.2005
MinimumVisualStudioVersion = 10.0.40219.1
Project("{FAE04EC0-301F-11D3-BF4B-00C04F79EFBC}") = "webclientAndJsonPArser", "ConsoleApp1\webclientAndJsonPArser.csproj", "{42A9CCAC-2C1B-47D9-AFCD-886F5C091617}"
EndProject
Global
	GlobalSection(SolutionConfigurationPlatforms) = preSolution
		Debug|Any CPU = Debug|Any CPU
		Release|Any CPU = Release|Any CPU
	EndGlobalSection
	GlobalSection(ProjectConfigurationPlatforms) = postSolution
		{42A9CCAC-2C1B-47D9-AFCD-886F5C091617}.Debug|Any CPU.ActiveCfg = Debug|Any CPU
		{42A9CCAC-2C1B-47D9-AFCD-886F5C091617}.Debug|Any CPU.Build.0 = Debug|Any CPU
		{42A9CCAC-2C1B-47D9-AFCD-886F5C091617}.Release|Any CPU.ActiveCfg = Release|Any CPU
		{42A9CCAC-2C1B-47D9-AFCD-886F5C091617}.Release|Any CPU.Build.0 = Release|Any CPU
	EndGlobalSection
	GlobalSection(SolutionProperties) = preSolution
		HideSolutionNode = FALSE
	EndGlobalSection
	GlobalSection(ExtensibilityGlobals) = postSolution
		SolutionGuid = {CB7A9AB9-53E9-4B50-8919-02BE44823D00}
	EndGlobalSection
EndGlobal
